// !$*UTF8*$!
{
	archiveVersion = 1;
	classes = {
	};
	objectVersion = 50;
	objects = {

/* Begin PBXBuildFile section */
		EEC860302085BA6A004A492D /* AppDelegate.m in Sources */ = {isa = PBXBuildFile; fileRef = EEC8602F2085BA6A004A492D /* AppDelegate.m */; };
		EEC860332085BA6A004A492D /* ViewController.m in Sources */ = {isa = PBXBuildFile; fileRef = EEC860322085BA6A004A492D /* ViewController.m */; };
		EEC860362085BA6A004A492D /* Main.storyboard in Resources */ = {isa = PBXBuildFile; fileRef = EEC860342085BA6A004A492D /* Main.storyboard */; };
		EEC860382085BA6B004A492D /* Assets.xcassets in Resources */ = {isa = PBXBuildFile; fileRef = EEC860372085BA6B004A492D /* Assets.xcassets */; };
		EEC8603B2085BA6B004A492D /* LaunchScreen.storyboard in Resources */ = {isa = PBXBuildFile; fileRef = EEC860392085BA6B004A492D /* LaunchScreen.storyboard */; };
		EEC8603E2085BA6B004A492D /* main.m in Sources */ = {isa = PBXBuildFile; fileRef = EEC8603D2085BA6B004A492D /* main.m */; };
		EEC860452085BA99004A492D /* Property List.plist in Resources */ = {isa = PBXBuildFile; fileRef = EEC860442085BA99004A492D /* Property List.plist */; };
/* End PBXBuildFile section */

/* Begin PBXFileReference section */
		EEC8602B2085BA6A004A492D /* InfoPlist.app */ = {isa = PBXFileReference; explicitFileType = wrapper.application; includeInIndex = 0; path = InfoPlist.app; sourceTree = BUILT_PRODUCTS_DIR; };
		EEC8602E2085BA6A004A492D /* AppDelegate.h */ = {isa = PBXFileReference; lastKnownFileType = sourcecode.c.h; path = AppDelegate.h; sourceTree = "<group>"; };
		EEC8602F2085BA6A004A492D /* AppDelegate.m */ = {isa = PBXFileReference; lastKnownFileType = sourcecode.c.objc; path = AppDelegate.m; sourceTree = "<group>"; };
		EEC860312085BA6A004A492D /* ViewController.h */ = {isa = PBXFileReference; lastKnownFileType = sourcecode.c.h; path = ViewController.h; sourceTree = "<group>"; };
		EEC860322085BA6A004A492D /* ViewController.m */ = {isa = PBXFileReference; lastKnownFileType = sourcecode.c.objc; path = ViewController.m; sourceTree = "<group>"; };
		EEC860352085BA6A004A492D /* Base */ = {isa = PBXFileReference; lastKnownFileType = file.storyboard; name = Base; path = Base.lproj/Main.storyboard; sourceTree = "<group>"; };
		EEC860372085BA6B004A492D /* Assets.xcassets */ = {isa = PBXFileReference; lastKnownFileType = folder.assetcatalog; path = Assets.xcassets; sourceTree = "<group>"; };
		EEC8603A2085BA6B004A492D /* Base */ = {isa = PBXFileReference; lastKnownFileType = file.storyboard; name = Base; path = Base.lproj/LaunchScreen.storyboard; sourceTree = "<group>"; };
		EEC8603C2085BA6B004A492D /* Info.plist */ = {isa = PBXFileReference; lastKnownFileType = text.plist.xml; path = Info.plist; sourceTree = "<group>"; };
		EEC8603D2085BA6B004A492D /* main.m */ = {isa = PBXFileReference; lastKnownFileType = sourcecode.c.objc; path = main.m; sourceTree = "<group>"; };
		EEC860442085BA99004A492D /* Property List.plist */ = {isa = PBXFileReference; lastKnownFileType = text.plist.xml; path = "Property List.plist"; sourceTree = "<group>"; };
/* End PBXFileReference section */

/* Begin PBXFrameworksBuildPhase section */
		EEC860282085BA6A004A492D /* Frameworks */ = {
			isa = PBXFrameworksBuildPhase;
			buildActionMask = 2147483647;
			files = (
			);
			runOnlyForDeploymentPostprocessing = 0;
		};
/* End PBXFrameworksBuildPhase section */

/* Begin PBXGroup section */
		EEC860222085BA6A004A492D = {
			isa = PBXGroup;
			children = (
				EEC8602D2085BA6A004A492D /* InfoPlist */,
				EEC8602C2085BA6A004A492D /* Products */,
			);
			sourceTree = "<group>";
		};
		EEC8602C2085BA6A004A492D /* Products */ = {
			isa = PBXGroup;
			children = (
				EEC8602B2085BA6A004A492D /* InfoPlist.app */,
			);
			name = Products;
			sourceTree = "<group>";
		};
		EEC8602D2085BA6A004A492D /* InfoPlist */ = {
			isa = PBXGroup;
			children = (
				EEC8602E2085BA6A004A492D /* AppDelegate.h */,
				EEC8602F2085BA6A004A492D /* AppDelegate.m */,
				EEC860312085BA6A004A492D /* ViewController.h */,
				EEC860322085BA6A004A492D /* ViewController.m */,
				EEC860442085BA99004A492D /* Property List.plist */,
				EEC860342085BA6A004A492D /* Main.storyboard */,
				EEC860372085BA6B004A492D /* Assets.xcassets */,
				EEC860392085BA6B004A492D /* LaunchScreen.storyboard */,
				EEC8603C2085BA6B004A492D /* Info.plist */,
				EEC8603D2085BA6B004A492D /* main.m */,
			);
			path = InfoPlist;
			sourceTree = "<group>";
		};
/* End PBXGroup section */

/* Begin PBXNativeTarget section */
		EEC8602A2085BA6A004A492D /* InfoPlist */ = {
			isa = PBXNativeTarget;
			buildConfigurationList = EEC860412085BA6B004A492D /* Build configuration list for PBXNativeTarget "InfoPlist" */;
			buildPhases = (
				EEC860272085BA6A004A492D /* Sources */,
				EEC860282085BA6A004A492D /* Frameworks */,
				EEC860292085BA6A004A492D /* Resources */,
			);
			buildRules = (
			);
			dependencies = (
			);
			name = InfoPlist;
			productName = InfoPlist;
			productReference = EEC8602B2085BA6A004A492D /* InfoPlist.app */;
			productType = "com.apple.product-type.application";
		};
/* End PBXNativeTarget section */

/* Begin PBXProject section */
		EEC860232085BA6A004A492D /* Project object */ = {
			isa = PBXProject;
			attributes = {
				LastUpgradeCheck = 0930;
				ORGANIZATIONNAME = Tongle;
				TargetAttributes = {
					EEC8602A2085BA6A004A492D = {
						CreatedOnToolsVersion = 9.3;
					};
				};
			};
			buildConfigurationList = EEC860262085BA6A004A492D /* Build configuration list for PBXProject "InfoPlist" */;
			compatibilityVersion = "Xcode 9.3";
			developmentRegion = en;
			hasScannedForEncodings = 0;
			knownRegions = (
				en,
				Base,
			);
			mainGroup = EEC860222085BA6A004A492D;
			productRefGroup = EEC8602C2085BA6A004A492D /* Products */;
			projectDirPath = "";
			projectRoot = "";
			targets = (
				EEC8602A2085BA6A004A492D /* InfoPlist */,
			);
		};
/* End PBXProject section */

/* Begin PBXResourcesBuildPhase section */
		EEC860292085BA6A004A492D /* Resources */ = {
			isa = PBXResourcesBuildPhase;
			buildActionMask = 2147483647;
			files = (
				EEC8603B2085BA6B004A492D /* LaunchScreen.storyboard in Resources */,
				EEC860382085BA6B004A492D /* Assets.xcassets in Resources */,
				EEC860452085BA99004A492D /* Property List.plist in Resources */,
				EEC860362085BA6A004A492D /* Main.storyboard in Resources */,
			);
			runOnlyForDeploymentPostprocessing = 0;
		};
/* End PBXResourcesBuildPhase section */

/* Begin PBXSourcesBuildPhase section */
		EEC860272085BA6A004A492D /* Sources */ = {
			isa = PBXSourcesBuildPhase;
			buildActionMask = 2147483647;
			files = (
				EEC860332085BA6A004A492D /* ViewController.m in Sources */,
				EEC8603E2085BA6B004A492D /* main.m in Sources */,
				EEC860302085BA6A004A492D /* AppDelegate.m in Sources */,
			);
			runOnlyForDeploymentPostprocessing = 0;
		};
/* End PBXSourcesBuildPhase section */

/* Begin PBXVariantGroup section */
		EEC860342085BA6A004A492D /* Main.storyboard */ = {
			isa = PBXVariantGroup;
			children = (
				EEC860352085BA6A004A492D /* Base */,
			);
			name = Main.storyboard;
			sourceTree = "<group>";
		};
		EEC860392085BA6B004A492D /* LaunchScreen.storyboard */ = {
			isa = PBXVariantGroup;
			children = (
				EEC8603A2085BA6B004A492D /* Base */,
			);
			name = LaunchScreen.storyboard;
			sourceTree = "<group>";
		};
/* End PBXVariantGroup section */

/* Begin XCBuildConfiguration section */
		EEC8603F2085BA6B004A492D /* Debug */ = {
			isa = XCBuildConfiguration;
			buildSettings = {
				ALWAYS_SEARCH_USER_PATHS = NO;
				CLANG_ANALYZER_NONNULL = YES;
				CLANG_ANALYZER_NUMBER_OBJECT_CONVERSION = YES_AGGRESSIVE;
				CLANG_CXX_LANGUAGE_STANDARD = "gnu++14";
				CLANG_CXX_LIBRARY = "libc++";
				CLANG_ENABLE_MODULES = YES;
				CLANG_ENABLE_OBJC_ARC = YES;
				CLANG_ENABLE_OBJC_WEAK = YES;
				CLANG_WARN_BLOCK_CAPTURE_AUTORELEASING = YES;
				CLANG_WARN_BOOL_CONVERSION = YES;
				CLANG_WARN_COMMA = YES;
				CLANG_WARN_CONSTANT_CONVERSION = YES;
				CLANG_WARN_DEPRECATED_OBJC_IMPLEMENTATIONS = YES;
				CLANG_WARN_DIRECT_OBJC_ISA_USAGE = YES_ERROR;
				CLANG_WARN_DOCUMENTATION_COMMENTS = YES;
				CLANG_WARN_EMPTY_BODY = YES;
				CLANG_WARN_ENUM_CONVERSION = YES;
				CLANG_WARN_INFINITE_RECURSION = YES;
				CLANG_WARN_INT_CONVERSION = YES;
				CLANG_WARN_NON_LITERAL_NULL_CONVERSION = YES;
				CLANG_WARN_OBJC_IMPLICIT_RETAIN_SELF = YES;
				CLANG_WARN_OBJC_LITERAL_CONVERSION = YES;
				CLANG_WARN_OBJC_ROOT_CLASS = YES_ERROR;
				CLANG_WARN_RANGE_LOOP_ANALYSIS = YES;
				CLANG_WARN_STRICT_PROTOTYPES = YES;
				CLANG_WARN_SUSPICIOUS_MOVE = YES;
				CLANG_WARN_UNGUARDED_AVAILABILITY = YES_AGGRESSIVE;
				CLANG_WARN_UNREACHABLE_CODE = YES;
				CLANG_WARN__DUPLICATE_METHOD_MATCH = YES;
				CODE_SIGN_IDENTITY = "iPhone Developer";
				COPY_PHASE_STRIP = NO;
				DEBUG_INFORMATION_FORMAT = dwarf;
				ENABLE_STRICT_OBJC_MSGSEND = YES;
				ENABLE_TESTABILITY = YES;
				GCC_C_LANGUAGE_STANDARD = gnu11;
				GCC_DYNAMIC_NO_PIC = NO;
				GCC_NO_COMMON_BLOCKS = YES;
				GCC_OPTIMIZATION_LEVEL = 0;
				GCC_PREPROCESSOR_DEFINITIONS = (
					"DEBUG=1",
					"$(inherited)",
				);
				GCC_WARN_64_TO_32_BIT_CONVERSION = YES;
				GCC_WARN_ABOUT_RETURN_TYPE = YES_ERROR;
				GCC_WARN_UNDECLARED_SELECTOR = YES;
				GCC_WARN_UNINITIALIZED_AUTOS = YES_AGGRESSIVE;
				GCC_WARN_UNUSED_FUNCTION = YES;
				GCC_WARN_UNUSED_VARIABLE = YES;
				IPHONEOS_DEPLOYMENT_TARGET = 11.3;
				MTL_ENABLE_DEBUG_INFO = YES;
				ONLY_ACTIVE_ARCH = YES;
				SDKROOT = iphoneos;
			};
			name = Debug;
		};
		EEC860402085BA6B004A492D /* Release */ = {
			isa = XCBuildConfiguration;
			buildSettings = {
				ALWAYS_SEARCH_USER_PATHS = NO;
				CLANG_ANALYZER_NONNULL = YES;
				CLANG_ANALYZER_NUMBER_OBJECT_CONVERSION = YES_AGGRESSIVE;
				CLANG_CXX_LANGUAGE_STANDARD = "gnu++14";
				CLANG_CXX_LIBRARY = "libc++";
				CLANG_ENABLE_MODULES = YES;
				CLANG_ENABLE_OBJC_ARC = YES;
				CLANG_ENABLE_OBJC_WEAK = YES;
				CLANG_WARN_BLOCK_CAPTURE_AUTORELEASING = YES;
				CLANG_WARN_BOOL_CONVERSION = YES;
				CLANG_WARN_COMMA = YES;
				CLANG_WARN_CONSTANT_CONVERSION = YES;
				CLANG_WARN_DEPRECATED_OBJC_IMPLEMENTATIONS = YES;
				CLANG_WARN_DIRECT_OBJC_ISA_USAGE = YES_ERROR;
				CLANG_WARN_DOCUMENTATION_COMMENTS = YES;
				CLANG_WARN_EMPTY_BODY = YES;
				CLANG_WARN_ENUM_CONVERSION = YES;
				CLANG_WARN_INFINITE_RECURSION = YES;
				CLANG_WARN_INT_CONVERSION = YES;
				CLANG_WARN_NON_LITERAL_NULL_CONVERSION = YES;
				CLANG_WARN_OBJC_IMPLICIT_RETAIN_SELF = YES;
				CLANG_WARN_OBJC_LITERAL_CONVERSION = YES;
				CLANG_WARN_OBJC_ROOT_CLASS = YES_ERROR;
				CLANG_WARN_RANGE_LOOP_ANALYSIS = YES;
				CLANG_WARN_STRICT_PROTOTYPES = YES;
				CLANG_WARN_SUSPICIOUS_MOVE = YES;
				CLANG_WARN_UNGUARDED_AVAILABILITY = YES_AGGRESSIVE;
				CLANG_WARN_UNREACHABLE_CODE = YES;
				CLANG_WARN__DUPLICATE_METHOD_MATCH = YES;
				CODE_SIGN_IDENTITY = "iPhone Developer";
				COPY_PHASE_STRIP = NO;
				DEBUG_INFORMATION_FORMAT = "dwarf-with-dsym";
				ENABLE_NS_ASSERTIONS = NO;
				ENABLE_STRICT_OBJC_MSGSEND = YES;
				GCC_C_LANGUAGE_STANDARD = gnu11;
				GCC_NO_COMMON_BLOCKS = YES;
				GCC_WARN_64_TO_32_BIT_CONVERSION = YES;
				GCC_WARN_ABOUT_RETURN_TYPE = YES_ERROR;
				GCC_WARN_UNDECLARED_SELECTOR = YES;
				GCC_WARN_UNINITIALIZED_AUTOS = YES_AGGRESSIVE;
				GCC_WARN_UNUSED_FUNCTION = YES;
				GCC_WARN_UNUSED_VARIABLE = YES;
				IPHONEOS_DEPLOYMENT_TARGET = 11.3;
				MTL_ENABLE_DEBUG_INFO = NO;
				SDKROOT = iphoneos;
				VALIDATE_PRODUCT = YES;
			};
			name = Release;
		};
		EEC860422085BA6B004A492D /* Debug */ = {
			isa = XCBuildConfiguration;
			buildSettings = {
				ASSETCATALOG_COMPILER_APPICON_NAME = AppIcon;
				CODE_SIGN_STYLE = Automatic;
				DEVELOPMENT_TEAM = 3F7H4D8NK3;
				INFOPLIST_FILE = InfoPlist/Info.plist;
				LD_RUNPATH_SEARCH_PATHS = (
					"$(inherited)",
					"@executable_path/Frameworks",
				);
				PRODUCT_BUNDLE_IDENTIFIER = Princess.InfoPlist;
				PRODUCT_NAME = "$(TARGET_NAME)";
				TARGETED_DEVICE_FAMILY = "1,2";
			};
			name = Debug;
		};
		EEC860432085BA6B004A492D /* Release */ = {
			isa = XCBuildConfiguration;
			buildSettings = {
				ASSETCATALOG_COMPILER_APPICON_NAME = AppIcon;
				CODE_SIGN_STYLE = Automatic;
				DEVELOPMENT_TEAM = 3F7H4D8NK3;
				INFOPLIST_FILE = InfoPlist/Info.plist;
				LD_RUNPATH_SEARCH_PATHS = (
					"$(inherited)",
					"@executable_path/Frameworks",
				);
				PRODUCT_BUNDLE_IDENTIFIER = Princess.InfoPlist;
				PRODUCT_NAME = "$(TARGET_NAME)";
				TARGETED_DEVICE_FAMILY = "1,2";
			};
			name = Release;
		};
/* End XCBuildConfiguration section */

/* Begin XCConfigurationList section */
		EEC860262085BA6A004A492D /* Build configuration list for PBXProject "InfoPlist" */ = {
			isa = XCConfigurationList;
			buildConfigurations = (
				EEC8603F2085BA6B004A492D /* Debug */,
				EEC860402085BA6B004A492D /* Release */,
			);
			defaultConfigurationIsVisible = 0;
			defaultConfigurationName = Release;
		};
		EEC860412085BA6B004A492D /* Build configuration list for PBXNativeTarget "InfoPlist" */ = {
			isa = XCConfigurationList;
			buildConfigurations = (
				EEC860422085BA6B004A492D /* Debug */,
				EEC860432085BA6B004A492D /* Release */,
			);
			defaultConfigurationIsVisible = 0;
			defaultConfigurationName = Release;
		};
/* End XCConfigurationList section */
	};
	rootObject = EEC860232085BA6A004A492D /* Project object */;
}
